// !$*UTF8*$!
{
	archiveVersion = 1;
	classes = {
	};
	objectVersion = 50;
	objects = {

/* Begin PBXBuildFile section */
		972DE4A5219026F700FD1D4B /* AppDelegate.swift in Sources */ = {isa = PBXBuildFile; fileRef = 972DE4A4219026F700FD1D4B /* AppDelegate.swift */; };
		972DE4A7219026F700FD1D4B /* ViewController.swift in Sources */ = {isa = PBXBuildFile; fileRef = 972DE4A6219026F700FD1D4B /* ViewController.swift */; };
		972DE4AA219026F700FD1D4B /* Main.storyboard in Resources */ = {isa = PBXBuildFile; fileRef = 972DE4A8219026F700FD1D4B /* Main.storyboard */; };
		972DE4AC219026F800FD1D4B /* Assets.xcassets in Resources */ = {isa = PBXBuildFile; fileRef = 972DE4AB219026F800FD1D4B /* Assets.xcassets */; };
		972DE4AF219026F800FD1D4B /* LaunchScreen.storyboard in Resources */ = {isa = PBXBuildFile; fileRef = 972DE4AD219026F800FD1D4B /* LaunchScreen.storyboard */; };
		972DE4BA219026F800FD1D4B /* DeviceInfoDemoTests.swift in Sources */ = {isa = PBXBuildFile; fileRef = 972DE4B9219026F800FD1D4B /* DeviceInfoDemoTests.swift */; };
		972DE4C5219026F800FD1D4B /* DeviceInfoDemoUITests.swift in Sources */ = {isa = PBXBuildFile; fileRef = 972DE4C4219026F800FD1D4B /* DeviceInfoDemoUITests.swift */; };
/* End PBXBuildFile section */

/* Begin PBXContainerItemProxy section */
		972DE4B6219026F800FD1D4B /* PBXContainerItemProxy */ = {
			isa = PBXContainerItemProxy;
			containerPortal = 972DE499219026F600FD1D4B /* Project object */;
			proxyType = 1;
			remoteGlobalIDString = 972DE4A0219026F600FD1D4B;
			remoteInfo = DeviceInfoDemo;
		};
		972DE4C1219026F800FD1D4B /* PBXContainerItemProxy */ = {
			isa = PBXContainerItemProxy;
			containerPortal = 972DE499219026F600FD1D4B /* Project object */;
			proxyType = 1;
			remoteGlobalIDString = 972DE4A0219026F600FD1D4B;
			remoteInfo = DeviceInfoDemo;
		};
/* End PBXContainerItemProxy section */

/* Begin PBXFileReference section */
		972DE4A1219026F600FD1D4B /* DeviceInfoDemo.app */ = {isa = PBXFileReference; explicitFileType = wrapper.application; includeInIndex = 0; path = DeviceInfoDemo.app; sourceTree = BUILT_PRODUCTS_DIR; };
		972DE4A4219026F700FD1D4B /* AppDelegate.swift */ = {isa = PBXFileReference; lastKnownFileType = sourcecode.swift; path = AppDelegate.swift; sourceTree = "<group>"; };
		972DE4A6219026F700FD1D4B /* ViewController.swift */ = {isa = PBXFileReference; lastKnownFileType = sourcecode.swift; path = ViewController.swift; sourceTree = "<group>"; };
		972DE4A9219026F700FD1D4B /* Base */ = {isa = PBXFileReference; lastKnownFileType = file.storyboard; name = Base; path = Base.lproj/Main.storyboard; sourceTree = "<group>"; };
		972DE4AB219026F800FD1D4B /* Assets.xcassets */ = {isa = PBXFileReference; lastKnownFileType = folder.assetcatalog; path = Assets.xcassets; sourceTree = "<group>"; };
		972DE4AE219026F800FD1D4B /* Base */ = {isa = PBXFileReference; lastKnownFileType = file.storyboard; name = Base; path = Base.lproj/LaunchScreen.storyboard; sourceTree = "<group>"; };
		972DE4B0219026F800FD1D4B /* Info.plist */ = {isa = PBXFileReference; lastKnownFileType = text.plist.xml; path = Info.plist; sourceTree = "<group>"; };
		972DE4B5219026F800FD1D4B /* DeviceInfoDemoTests.xctest */ = {isa = PBXFileReference; explicitFileType = wrapper.cfbundle; includeInIndex = 0; path = DeviceInfoDemoTests.xctest; sourceTree = BUILT_PRODUCTS_DIR; };
		972DE4B9219026F800FD1D4B /* DeviceInfoDemoTests.swift */ = {isa = PBXFileReference; lastKnownFileType = sourcecode.swift; path = DeviceInfoDemoTests.swift; sourceTree = "<group>"; };
		972DE4BB219026F800FD1D4B /* Info.plist */ = {isa = PBXFileReference; lastKnownFileType = text.plist.xml; path = Info.plist; sourceTree = "<group>"; };
		972DE4C0219026F800FD1D4B /* DeviceInfoDemoUITests.xctest */ = {isa = PBXFileReference; explicitFileType = wrapper.cfbundle; includeInIndex = 0; path = DeviceInfoDemoUITests.xctest; sourceTree = BUILT_PRODUCTS_DIR; };
		972DE4C4219026F800FD1D4B /* DeviceInfoDemoUITests.swift */ = {isa = PBXFileReference; lastKnownFileType = sourcecode.swift; path = DeviceInfoDemoUITests.swift; sourceTree = "<group>"; };
		972DE4C6219026F800FD1D4B /* Info.plist */ = {isa = PBXFileReference; lastKnownFileType = text.plist.xml; path = Info.plist; sourceTree = "<group>"; };
/* End PBXFileReference section */

/* Begin PBXFrameworksBuildPhase section */
		972DE49E219026F600FD1D4B /* Frameworks */ = {
			isa = PBXFrameworksBuildPhase;
			buildActionMask = 2147483647;
			files = (
			);
			runOnlyForDeploymentPostprocessing = 0;
		};
		972DE4B2219026F800FD1D4B /* Frameworks */ = {
			isa = PBXFrameworksBuildPhase;
			buildActionMask = 2147483647;
			files = (
			);
			runOnlyForDeploymentPostprocessing = 0;
		};
		972DE4BD219026F800FD1D4B /* Frameworks */ = {
			isa = PBXFrameworksBuildPhase;
			buildActionMask = 2147483647;
			files = (
			);
			runOnlyForDeploymentPostprocessing = 0;
		};
/* End PBXFrameworksBuildPhase section */

/* Begin PBXGroup section */
		972DE498219026F600FD1D4B = {
			isa = PBXGroup;
			children = (
				972DE4A3219026F600FD1D4B /* DeviceInfoDemo */,
				972DE4B8219026F800FD1D4B /* DeviceInfoDemoTests */,
				972DE4C3219026F800FD1D4B /* DeviceInfoDemoUITests */,
				972DE4A2219026F600FD1D4B /* Products */,
			);
			sourceTree = "<group>";
		};
		972DE4A2219026F600FD1D4B /* Products */ = {
			isa = PBXGroup;
			children = (
				972DE4A1219026F600FD1D4B /* DeviceInfoDemo.app */,
				972DE4B5219026F800FD1D4B /* DeviceInfoDemoTests.xctest */,
				972DE4C0219026F800FD1D4B /* DeviceInfoDemoUITests.xctest */,
			);
			name = Products;
			sourceTree = "<group>";
		};
		972DE4A3219026F600FD1D4B /* DeviceInfoDemo */ = {
			isa = PBXGroup;
			children = (
				972DE4A4219026F700FD1D4B /* AppDelegate.swift */,
				972DE4A6219026F700FD1D4B /* ViewController.swift */,
				972DE4A8219026F700FD1D4B /* Main.storyboard */,
				972DE4AB219026F800FD1D4B /* Assets.xcassets */,
				972DE4AD219026F800FD1D4B /* LaunchScreen.storyboard */,
				972DE4B0219026F800FD1D4B /* Info.plist */,
			);
			path = DeviceInfoDemo;
			sourceTree = "<group>";
		};
		972DE4B8219026F800FD1D4B /* DeviceInfoDemoTests */ = {
			isa = PBXGroup;
			children = (
				972DE4B9219026F800FD1D4B /* DeviceInfoDemoTests.swift */,
				972DE4BB219026F800FD1D4B /* Info.plist */,
			);
			path = DeviceInfoDemoTests;
			sourceTree = "<group>";
		};
		972DE4C3219026F800FD1D4B /* DeviceInfoDemoUITests */ = {
			isa = PBXGroup;
			children = (
				972DE4C4219026F800FD1D4B /* DeviceInfoDemoUITests.swift */,
				972DE4C6219026F800FD1D4B /* Info.plist */,
			);
			path = DeviceInfoDemoUITests;
			sourceTree = "<group>";
		};
/* End PBXGroup section */

/* Begin PBXNativeTarget section */
		972DE4A0219026F600FD1D4B /* DeviceInfoDemo */ = {
			isa = PBXNativeTarget;
			buildConfigurationList = 972DE4C9219026F800FD1D4B /* Build configuration list for PBXNativeTarget "DeviceInfoDemo" */;
			buildPhases = (
				972DE49D219026F600FD1D4B /* Sources */,
				972DE49E219026F600FD1D4B /* Frameworks */,
				972DE49F219026F600FD1D4B /* Resources */,
			);
			buildRules = (
			);
			dependencies = (
			);
			name = DeviceInfoDemo;
			productName = DeviceInfoDemo;
			productReference = 972DE4A1219026F600FD1D4B /* DeviceInfoDemo.app */;
			productType = "com.apple.product-type.application";
		};
		972DE4B4219026F800FD1D4B /* DeviceInfoDemoTests */ = {
			isa = PBXNativeTarget;
			buildConfigurationList = 972DE4CC219026F800FD1D4B /* Build configuration list for PBXNativeTarget "DeviceInfoDemoTests" */;
			buildPhases = (
				972DE4B1219026F800FD1D4B /* Sources */,
				972DE4B2219026F800FD1D4B /* Frameworks */,
				972DE4B3219026F800FD1D4B /* Resources */,
			);
			buildRules = (
			);
			dependencies = (
				972DE4B7219026F800FD1D4B /* PBXTargetDependency */,
			);
			name = DeviceInfoDemoTests;
			productName = DeviceInfoDemoTests;
			productReference = 972DE4B5219026F800FD1D4B /* DeviceInfoDemoTests.xctest */;
			productType = "com.apple.product-type.bundle.unit-test";
		};
		972DE4BF219026F800FD1D4B /* DeviceInfoDemoUITests */ = {
			isa = PBXNativeTarget;
			buildConfigurationList = 972DE4CF219026F800FD1D4B /* Build configuration list for PBXNativeTarget "DeviceInfoDemoUITests" */;
			buildPhases = (
				972DE4BC219026F800FD1D4B /* Sources */,
				972DE4BD219026F800FD1D4B /* Frameworks */,
				972DE4BE219026F800FD1D4B /* Resources */,
			);
			buildRules = (
			);
			dependencies = (
				972DE4C2219026F800FD1D4B /* PBXTargetDependency */,
			);
			name = DeviceInfoDemoUITests;
			productName = DeviceInfoDemoUITests;
			productReference = 972DE4C0219026F800FD1D4B /* DeviceInfoDemoUITests.xctest */;
			productType = "com.apple.product-type.bundle.ui-testing";
		};
/* End PBXNativeTarget section */

/* Begin PBXProject section */
		972DE499219026F600FD1D4B /* Project object */ = {
			isa = PBXProject;
			attributes = {
				LastSwiftUpdateCheck = 0940;
				LastUpgradeCheck = 0940;
				ORGANIZATIONNAME = WH;
				TargetAttributes = {
					972DE4A0219026F600FD1D4B = {
						CreatedOnToolsVersion = 9.4.1;
					};
					972DE4B4219026F800FD1D4B = {
						CreatedOnToolsVersion = 9.4.1;
						TestTargetID = 972DE4A0219026F600FD1D4B;
					};
					972DE4BF219026F800FD1D4B = {
						CreatedOnToolsVersion = 9.4.1;
						TestTargetID = 972DE4A0219026F600FD1D4B;
					};
				};
			};
			buildConfigurationList = 972DE49C219026F600FD1D4B /* Build configuration list for PBXProject "DeviceInfoDemo" */;
			compatibilityVersion = "Xcode 9.3";
			developmentRegion = en;
			hasScannedForEncodings = 0;
			knownRegions = (
				en,
				Base,
			);
			mainGroup = 972DE498219026F600FD1D4B;
			productRefGroup = 972DE4A2219026F600FD1D4B /* Products */;
			projectDirPath = "";
			projectRoot = "";
			targets = (
				972DE4A0219026F600FD1D4B /* DeviceInfoDemo */,
				972DE4B4219026F800FD1D4B /* DeviceInfoDemoTests */,
				972DE4BF219026F800FD1D4B /* DeviceInfoDemoUITests */,
			);
		};
/* End PBXProject section */

/* Begin PBXResourcesBuildPhase section */
		972DE49F219026F600FD1D4B /* Resources */ = {
			isa = PBXResourcesBuildPhase;
			buildActionMask = 2147483647;
			files = (
				972DE4AF219026F800FD1D4B /* LaunchScreen.storyboard in Resources */,
				972DE4AC219026F800FD1D4B /* Assets.xcassets in Resources */,
				972DE4AA219026F700FD1D4B /* Main.storyboard in Resources */,
			);
			runOnlyForDeploymentPostprocessing = 0;
		};
		972DE4B3219026F800FD1D4B /* Resources */ = {
			isa = PBXResourcesBuildPhase;
			buildActionMask = 2147483647;
			files = (
			);
			runOnlyForDeploymentPostprocessing = 0;
		};
		972DE4BE219026F800FD1D4B /* Resources */ = {
			isa = PBXResourcesBuildPhase;
			buildActionMask = 2147483647;
			files = (
			);
			runOnlyForDeploymentPostprocessing = 0;
		};
/* End PBXResourcesBuildPhase section */

/* Begin PBXSourcesBuildPhase section */
		972DE49D219026F600FD1D4B /* Sources */ = {
			isa = PBXSourcesBuildPhase;
			buildActionMask = 2147483647;
			files = (
				972DE4A7219026F700FD1D4B /* ViewController.swift in Sources */,
				972DE4A5219026F700FD1D4B /* AppDelegate.swift in Sources */,
			);
			runOnlyForDeploymentPostprocessing = 0;
		};
		972DE4B1219026F800FD1D4B /* Sources */ = {
			isa = PBXSourcesBuildPhase;
			buildActionMask = 2147483647;
			files = (
				972DE4BA219026F800FD1D4B /* DeviceInfoDemoTests.swift in Sources */,
			);
			runOnlyForDeploymentPostprocessing = 0;
		};
		972DE4BC219026F800FD1D4B /* Sources */ = {
			isa = PBXSourcesBuildPhase;
			buildActionMask = 2147483647;
			files = (
				972DE4C5219026F800FD1D4B /* DeviceInfoDemoUITests.swift in Sources */,
			);
			runOnlyForDeploymentPostprocessing = 0;
		};
/* End PBXSourcesBuildPhase section */

/* Begin PBXTargetDependency section */
		972DE4B7219026F800FD1D4B /* PBXTargetDependency */ = {
			isa = PBXTargetDependency;
			target = 972DE4A0219026F600FD1D4B /* DeviceInfoDemo */;
			targetProxy = 972DE4B6219026F800FD1D4B /* PBXContainerItemProxy */;
		};
		972DE4C2219026F800FD1D4B /* PBXTargetDependency */ = {
			isa = PBXTargetDependency;
			target = 972DE4A0219026F600FD1D4B /* DeviceInfoDemo */;
			targetProxy = 972DE4C1219026F800FD1D4B /* PBXContainerItemProxy */;
		};
/* End PBXTargetDependency section */

/* Begin PBXVariantGroup section */
		972DE4A8219026F700FD1D4B /* Main.storyboard */ = {
			isa = PBXVariantGroup;
			children = (
				972DE4A9219026F700FD1D4B /* Base */,
			);
			name = Main.storyboard;
			sourceTree = "<group>";
		};
		972DE4AD219026F800FD1D4B /* LaunchScreen.storyboard */ = {
			isa = PBXVariantGroup;
			children = (
				972DE4AE219026F800FD1D4B /* Base */,
			);
			name = LaunchScreen.storyboard;
			sourceTree = "<group>";
		};
/* End PBXVariantGroup section */

/* Begin XCBuildConfiguration section */
		972DE4C7219026F800FD1D4B /* Debug */ = {
			isa = XCBuildConfiguration;
			buildSettings = {
				ALWAYS_SEARCH_USER_PATHS = NO;
				CLANG_ANALYZER_NONNULL = YES;
				CLANG_ANALYZER_NUMBER_OBJECT_CONVERSION = YES_AGGRESSIVE;
				CLANG_CXX_LANGUAGE_STANDARD = "gnu++14";
				CLANG_CXX_LIBRARY = "libc++";
				CLANG_ENABLE_MODULES = YES;
				CLANG_ENABLE_OBJC_ARC = YES;
				CLANG_ENABLE_OBJC_WEAK = YES;
				CLANG_WARN_BLOCK_CAPTURE_AUTORELEASING = YES;
				CLANG_WARN_BOOL_CONVERSION = YES;
				CLANG_WARN_COMMA = YES;
				CLANG_WARN_CONSTANT_CONVERSION = YES;
				CLANG_WARN_DEPRECATED_OBJC_IMPLEMENTATIONS = YES;
				CLANG_WARN_DIRECT_OBJC_ISA_USAGE = YES_ERROR;
				CLANG_WARN_DOCUMENTATION_COMMENTS = YES;
				CLANG_WARN_EMPTY_BODY = YES;
				CLANG_WARN_ENUM_CONVERSION = YES;
				CLANG_WARN_INFINITE_RECURSION = YES;
				CLANG_WARN_INT_CONVERSION = YES;
				CLANG_WARN_NON_LITERAL_NULL_CONVERSION = YES;
				CLANG_WARN_OBJC_IMPLICIT_RETAIN_SELF = YES;
				CLANG_WARN_OBJC_LITERAL_CONVERSION = YES;
				CLANG_WARN_OBJC_ROOT_CLASS = YES_ERROR;
				CLANG_WARN_RANGE_LOOP_ANALYSIS = YES;
				CLANG_WARN_STRICT_PROTOTYPES = YES;
				CLANG_WARN_SUSPICIOUS_MOVE = YES;
				CLANG_WARN_UNGUARDED_AVAILABILITY = YES_AGGRESSIVE;
				CLANG_WARN_UNREACHABLE_CODE = YES;
				CLANG_WARN__DUPLICATE_METHOD_MATCH = YES;
				CODE_SIGN_IDENTITY = "iPhone Developer";
				COPY_PHASE_STRIP = NO;
				DEBUG_INFORMATION_FORMAT = dwarf;
				ENABLE_STRICT_OBJC_MSGSEND = YES;
				ENABLE_TESTABILITY = YES;
				GCC_C_LANGUAGE_STANDARD = gnu11;
				GCC_DYNAMIC_NO_PIC = NO;
				GCC_NO_COMMON_BLOCKS = YES;
				GCC_OPTIMIZATION_LEVEL = 0;
				GCC_PREPROCESSOR_DEFINITIONS = (
					"DEBUG=1",
					"$(inherited)",
				);
				GCC_WARN_64_TO_32_BIT_CONVERSION = YES;
				GCC_WARN_ABOUT_RETURN_TYPE = YES_ERROR;
				GCC_WARN_UNDECLARED_SELECTOR = YES;
				GCC_WARN_UNINITIALIZED_AUTOS = YES_AGGRESSIVE;
				GCC_WARN_UNUSED_FUNCTION = YES;
				GCC_WARN_UNUSED_VARIABLE = YES;
				IPHONEOS_DEPLOYMENT_TARGET = 11.4;
				MTL_ENABLE_DEBUG_INFO = YES;
				ONLY_ACTIVE_ARCH = YES;
				SDKROOT = iphoneos;
				SWIFT_ACTIVE_COMPILATION_CONDITIONS = DEBUG;
				SWIFT_OPTIMIZATION_LEVEL = "-Onone";
			};
			name = Debug;
		};
		972DE4C8219026F800FD1D4B /* Release */ = {
			isa = XCBuildConfiguration;
			buildSettings = {
				ALWAYS_SEARCH_USER_PATHS = NO;
				CLANG_ANALYZER_NONNULL = YES;
				CLANG_ANALYZER_NUMBER_OBJECT_CONVERSION = YES_AGGRESSIVE;
				CLANG_CXX_LANGUAGE_STANDARD = "gnu++14";
				CLANG_CXX_LIBRARY = "libc++";
				CLANG_ENABLE_MODULES = YES;
				CLANG_ENABLE_OBJC_ARC = YES;
				CLANG_ENABLE_OBJC_WEAK = YES;
				CLANG_WARN_BLOCK_CAPTURE_AUTORELEASING = YES;
				CLANG_WARN_BOOL_CONVERSION = YES;
				CLANG_WARN_COMMA = YES;
				CLANG_WARN_CONSTANT_CONVERSION = YES;
				CLANG_WARN_DEPRECATED_OBJC_IMPLEMENTATIONS = YES;
				CLANG_WARN_DIRECT_OBJC_ISA_USAGE = YES_ERROR;
				CLANG_WARN_DOCUMENTATION_COMMENTS = YES;
				CLANG_WARN_EMPTY_BODY = YES;
				CLANG_WARN_ENUM_CONVERSION = YES;
				CLANG_WARN_INFINITE_RECURSION = YES;
				CLANG_WARN_INT_CONVERSION = YES;
				CLANG_WARN_NON_LITERAL_NULL_CONVERSION = YES;
				CLANG_WARN_OBJC_IMPLICIT_RETAIN_SELF = YES;
				CLANG_WARN_OBJC_LITERAL_CONVERSION = YES;
				CLANG_WARN_OBJC_ROOT_CLASS = YES_ERROR;
				CLANG_WARN_RANGE_LOOP_ANALYSIS = YES;
				CLANG_WARN_STRICT_PROTOTYPES = YES;
				CLANG_WARN_SUSPICIOUS_MOVE = YES;
				CLANG_WARN_UNGUARDED_AVAILABILITY = YES_AGGRESSIVE;
				CLANG_WARN_UNREACHABLE_CODE = YES;
				CLANG_WARN__DUPLICATE_METHOD_MATCH = YES;
				CODE_SIGN_IDENTITY = "iPhone Developer";
				COPY_PHASE_STRIP = NO;
				DEBUG_INFORMATION_FORMAT = "dwarf-with-dsym";
				ENABLE_NS_ASSERTIONS = NO;
				ENABLE_STRICT_OBJC_MSGSEND = YES;
				GCC_C_LANGUAGE_STANDARD = gnu11;
				GCC_NO_COMMON_BLOCKS = YES;
				GCC_WARN_64_TO_32_BIT_CONVERSION = YES;
				GCC_WARN_ABOUT_RETURN_TYPE = YES_ERROR;
				GCC_WARN_UNDECLARED_SELECTOR = YES;
				GCC_WARN_UNINITIALIZED_AUTOS = YES_AGGRESSIVE;
				GCC_WARN_UNUSED_FUNCTION = YES;
				GCC_WARN_UNUSED_VARIABLE = YES;
				IPHONEOS_DEPLOYMENT_TARGET = 11.4;
				MTL_ENABLE_DEBUG_INFO = NO;
				SDKROOT = iphoneos;
				SWIFT_COMPILATION_MODE = wholemodule;
				SWIFT_OPTIMIZATION_LEVEL = "-O";
				VALIDATE_PRODUCT = YES;
			};
			name = Release;
		};
		972DE4CA219026F800FD1D4B /* Debug */ = {
			isa = XCBuildConfiguration;
			buildSettings = {
				ASSETCATALOG_COMPILER_APPICON_NAME = AppIcon;
				CODE_SIGN_STYLE = Automatic;
				DEVELOPMENT_TEAM = P72ZUNZG2W;
				INFOPLIST_FILE = DeviceInfoDemo/Info.plist;
				IPHONEOS_DEPLOYMENT_TARGET = 9.0;
				LD_RUNPATH_SEARCH_PATHS = (
					"$(inherited)",
					"@executable_path/Frameworks",
				);
				PRODUCT_BUNDLE_IDENTIFIER = S2G.DeviceInfoDemo;
				PRODUCT_NAME = "$(TARGET_NAME)";
				SWIFT_VERSION = 4.0;
				TARGETED_DEVICE_FAMILY = "1,2";
			};
			name = Debug;
		};
		972DE4CB219026F800FD1D4B /* Release */ = {
			isa = XCBuildConfiguration;
			buildSettings = {
				ASSETCATALOG_COMPILER_APPICON_NAME = AppIcon;
				CODE_SIGN_STYLE = Automatic;
				DEVELOPMENT_TEAM = P72ZUNZG2W;
				INFOPLIST_FILE = DeviceInfoDemo/Info.plist;
				IPHONEOS_DEPLOYMENT_TARGET = 9.0;
				LD_RUNPATH_SEARCH_PATHS = (
					"$(inherited)",
					"@executable_path/Frameworks",
				);
				PRODUCT_BUNDLE_IDENTIFIER = S2G.DeviceInfoDemo;
				PRODUCT_NAME = "$(TARGET_NAME)";
				SWIFT_VERSION = 4.0;
				TARGETED_DEVICE_FAMILY = "1,2";
			};
			name = Release;
		};
		972DE4CD219026F800FD1D4B /* Debug */ = {
			isa = XCBuildConfiguration;
			buildSettings = {
				ALWAYS_EMBED_SWIFT_STANDARD_LIBRARIES = YES;
				BUNDLE_LOADER = "$(TEST_HOST)";
				CODE_SIGN_STYLE = Automatic;
				DEVELOPMENT_TEAM = P72ZUNZG2W;
				INFOPLIST_FILE = DeviceInfoDemoTests/Info.plist;
				LD_RUNPATH_SEARCH_PATHS = (
					"$(inherited)",
					"@executable_path/Frameworks",
					"@loader_path/Frameworks",
				);
				PRODUCT_BUNDLE_IDENTIFIER = S2G.DeviceInfoDemoTests;
				PRODUCT_NAME = "$(TARGET_NAME)";
				SWIFT_VERSION = 4.0;
				TARGETED_DEVICE_FAMILY = "1,2";
				TEST_HOST = "$(BUILT_PRODUCTS_DIR)/DeviceInfoDemo.app/DeviceInfoDemo";
			};
			name = Debug;
		};
		972DE4CE219026F800FD1D4B /* Release */ = {
			isa = XCBuildConfiguration;
			buildSettings = {
				ALWAYS_EMBED_SWIFT_STANDARD_LIBRARIES = YES;
				BUNDLE_LOADER = "$(TEST_HOST)";
				CODE_SIGN_STYLE = Automatic;
				DEVELOPMENT_TEAM = P72ZUNZG2W;
				INFOPLIST_FILE = DeviceInfoDemoTests/Info.plist;
				LD_RUNPATH_SEARCH_PATHS = (
					"$(inherited)",
					"@executable_path/Frameworks",
					"@loader_path/Frameworks",
				);
				PRODUCT_BUNDLE_IDENTIFIER = S2G.DeviceInfoDemoTests;
				PRODUCT_NAME = "$(TARGET_NAME)";
				SWIFT_VERSION = 4.0;
				TARGETED_DEVICE_FAMILY = "1,2";
				TEST_HOST = "$(BUILT_PRODUCTS_DIR)/DeviceInfoDemo.app/DeviceInfoDemo";
			};
			name = Release;
		};
		972DE4D0219026F800FD1D4B /* Debug */ = {
			isa = XCBuildConfiguration;
			buildSettings = {
				ALWAYS_EMBED_SWIFT_STANDARD_LIBRARIES = YES;
				CODE_SIGN_STYLE = Automatic;
				DEVELOPMENT_TEAM = P72ZUNZG2W;
				INFOPLIST_FILE = DeviceInfoDemoUITests/Info.plist;
				LD_RUNPATH_SEARCH_PATHS = (
					"$(inherited)",
					"@executable_path/Frameworks",
					"@loader_path/Frameworks",
				);
				PRODUCT_BUNDLE_IDENTIFIER = S2G.DeviceInfoDemoUITests;
				PRODUCT_NAME = "$(TARGET_NAME)";
				SWIFT_VERSION = 4.0;
				TARGETED_DEVICE_FAMILY = "1,2";
				TEST_TARGET_NAME = DeviceInfoDemo;
			};
			name = Debug;
		};
		972DE4D1219026F800FD1D4B /* Release */ = {
			isa = XCBuildConfiguration;
			buildSettings = {
				ALWAYS_EMBED_SWIFT_STANDARD_LIBRARIES = YES;
				CODE_SIGN_STYLE = Automatic;
				DEVELOPMENT_TEAM = P72ZUNZG2W;
				INFOPLIST_FILE = DeviceInfoDemoUITests/Info.plist;
				LD_RUNPATH_SEARCH_PATHS = (
					"$(inherited)",
					"@executable_path/Frameworks",
					"@loader_path/Frameworks",
				);
				PRODUCT_BUNDLE_IDENTIFIER = S2G.DeviceInfoDemoUITests;
				PRODUCT_NAME = "$(TARGET_NAME)";
				SWIFT_VERSION = 4.0;
				TARGETED_DEVICE_FAMILY = "1,2";
				TEST_TARGET_NAME = DeviceInfoDemo;
			};
			name = Release;
		};
/* End XCBuildConfiguration section */

/* Begin XCConfigurationList section */
		972DE49C219026F600FD1D4B /* Build configuration list for PBXProject "DeviceInfoDemo" */ = {
			isa = XCConfigurationList;
			buildConfigurations = (
				972DE4C7219026F800FD1D4B /* Debug */,
				972DE4C8219026F800FD1D4B /* Release */,
			);
			defaultConfigurationIsVisible = 0;
			defaultConfigurationName = Release;
		};
		972DE4C9219026F800FD1D4B /* Build configuration list for PBXNativeTarget "DeviceInfoDemo" */ = {
			isa = XCConfigurationList;
			buildConfigurations = (
				972DE4CA219026F800FD1D4B /* Debug */,
				972DE4CB219026F800FD1D4B /* Release */,
			);
			defaultConfigurationIsVisible = 0;
			defaultConfigurationName = Release;
		};
		972DE4CC219026F800FD1D4B /* Build configuration list for PBXNativeTarget "DeviceInfoDemoTests" */ = {
			isa = XCConfigurationList;
			buildConfigurations = (
				972DE4CD219026F800FD1D4B /* Debug */,
				972DE4CE219026F800FD1D4B /* Release */,
			);
			defaultConfigurationIsVisible = 0;
			defaultConfigurationName = Release;
		};
		972DE4CF219026F800FD1D4B /* Build configuration list for PBXNativeTarget "DeviceInfoDemoUITests" */ = {
			isa = XCConfigurationList;
			buildConfigurations = (
				972DE4D0219026F800FD1D4B /* Debug */,
				972DE4D1219026F800FD1D4B /* Release */,
			);
			defaultConfigurationIsVisible = 0;
			defaultConfigurationName = Release;
		};
/* End XCConfigurationList section */
	};
	rootObject = 972DE499219026F600FD1D4B /* Project object */;
}
